// !$*UTF8*$!
{
	archiveVersion = 1;
	classes = {
	};
	objectVersion = 48;
	objects = {

/* Begin PBXBuildFile section */
		4D256A281F96424E00D390F2 /* AppDelegate.swift in Sources */ = {isa = PBXBuildFile; fileRef = 4D256A271F96424E00D390F2 /* AppDelegate.swift */; };
		4D256A2D1F96424E00D390F2 /* Main.storyboard in Resources */ = {isa = PBXBuildFile; fileRef = 4D256A2B1F96424E00D390F2 /* Main.storyboard */; };
		4D256A2F1F96424E00D390F2 /* Assets.xcassets in Resources */ = {isa = PBXBuildFile; fileRef = 4D256A2E1F96424E00D390F2 /* Assets.xcassets */; };
		4D256A321F96424E00D390F2 /* LaunchScreen.storyboard in Resources */ = {isa = PBXBuildFile; fileRef = 4D256A301F96424E00D390F2 /* LaunchScreen.storyboard */; };
		4D256A3D1F96424E00D390F2 /* WeatherGiftTests.swift in Sources */ = {isa = PBXBuildFile; fileRef = 4D256A3C1F96424E00D390F2 /* WeatherGiftTests.swift */; };
		4D256A481F96424E00D390F2 /* WeatherGiftUITests.swift in Sources */ = {isa = PBXBuildFile; fileRef = 4D256A471F96424E00D390F2 /* WeatherGiftUITests.swift */; };
		4D256A561F9642C400D390F2 /* DetailVC.swift in Sources */ = {isa = PBXBuildFile; fileRef = 4D256A551F9642C400D390F2 /* DetailVC.swift */; };
		4D256A581F96478100D390F2 /* ListVC.swift in Sources */ = {isa = PBXBuildFile; fileRef = 4D256A571F96478100D390F2 /* ListVC.swift */; };
		4D71E6121F964A090054C796 /* PageVC.swift in Sources */ = {isa = PBXBuildFile; fileRef = 4D71E6111F964A090054C796 /* PageVC.swift */; };
/* End PBXBuildFile section */

/* Begin PBXContainerItemProxy section */
		4D256A391F96424E00D390F2 /* PBXContainerItemProxy */ = {
			isa = PBXContainerItemProxy;
			containerPortal = 4D256A1C1F96424E00D390F2 /* Project object */;
			proxyType = 1;
			remoteGlobalIDString = 4D256A231F96424E00D390F2;
			remoteInfo = WeatherGift;
		};
		4D256A441F96424E00D390F2 /* PBXContainerItemProxy */ = {
			isa = PBXContainerItemProxy;
			containerPortal = 4D256A1C1F96424E00D390F2 /* Project object */;
			proxyType = 1;
			remoteGlobalIDString = 4D256A231F96424E00D390F2;
			remoteInfo = WeatherGift;
		};
/* End PBXContainerItemProxy section */

/* Begin PBXFileReference section */
		4D256A241F96424E00D390F2 /* WeatherGift.app */ = {isa = PBXFileReference; explicitFileType = wrapper.application; includeInIndex = 0; path = WeatherGift.app; sourceTree = BUILT_PRODUCTS_DIR; };
		4D256A271F96424E00D390F2 /* AppDelegate.swift */ = {isa = PBXFileReference; lastKnownFileType = sourcecode.swift; path = AppDelegate.swift; sourceTree = "<group>"; };
		4D256A2C1F96424E00D390F2 /* Base */ = {isa = PBXFileReference; lastKnownFileType = file.storyboard; name = Base; path = Base.lproj/Main.storyboard; sourceTree = "<group>"; };
		4D256A2E1F96424E00D390F2 /* Assets.xcassets */ = {isa = PBXFileReference; lastKnownFileType = folder.assetcatalog; path = Assets.xcassets; sourceTree = "<group>"; };
		4D256A311F96424E00D390F2 /* Base */ = {isa = PBXFileReference; lastKnownFileType = file.storyboard; name = Base; path = Base.lproj/LaunchScreen.storyboard; sourceTree = "<group>"; };
		4D256A331F96424E00D390F2 /* Info.plist */ = {isa = PBXFileReference; lastKnownFileType = text.plist.xml; path = Info.plist; sourceTree = "<group>"; };
		4D256A381F96424E00D390F2 /* WeatherGiftTests.xctest */ = {isa = PBXFileReference; explicitFileType = wrapper.cfbundle; includeInIndex = 0; path = WeatherGiftTests.xctest; sourceTree = BUILT_PRODUCTS_DIR; };
		4D256A3C1F96424E00D390F2 /* WeatherGiftTests.swift */ = {isa = PBXFileReference; lastKnownFileType = sourcecode.swift; path = WeatherGiftTests.swift; sourceTree = "<group>"; };
		4D256A3E1F96424E00D390F2 /* Info.plist */ = {isa = PBXFileReference; lastKnownFileType = text.plist.xml; path = Info.plist; sourceTree = "<group>"; };
		4D256A431F96424E00D390F2 /* WeatherGiftUITests.xctest */ = {isa = PBXFileReference; explicitFileType = wrapper.cfbundle; includeInIndex = 0; path = WeatherGiftUITests.xctest; sourceTree = BUILT_PRODUCTS_DIR; };
		4D256A471F96424E00D390F2 /* WeatherGiftUITests.swift */ = {isa = PBXFileReference; lastKnownFileType = sourcecode.swift; path = WeatherGiftUITests.swift; sourceTree = "<group>"; };
		4D256A491F96424E00D390F2 /* Info.plist */ = {isa = PBXFileReference; lastKnownFileType = text.plist.xml; path = Info.plist; sourceTree = "<group>"; };
		4D256A551F9642C400D390F2 /* DetailVC.swift */ = {isa = PBXFileReference; lastKnownFileType = sourcecode.swift; path = DetailVC.swift; sourceTree = "<group>"; };
		4D256A571F96478100D390F2 /* ListVC.swift */ = {isa = PBXFileReference; lastKnownFileType = sourcecode.swift; path = ListVC.swift; sourceTree = "<group>"; };
		4D71E6111F964A090054C796 /* PageVC.swift */ = {isa = PBXFileReference; lastKnownFileType = sourcecode.swift; path = PageVC.swift; sourceTree = "<group>"; };
/* End PBXFileReference section */

/* Begin PBXFrameworksBuildPhase section */
		4D256A211F96424E00D390F2 /* Frameworks */ = {
			isa = PBXFrameworksBuildPhase;
			buildActionMask = 2147483647;
			files = (
			);
			runOnlyForDeploymentPostprocessing = 0;
		};
		4D256A351F96424E00D390F2 /* Frameworks */ = {
			isa = PBXFrameworksBuildPhase;
			buildActionMask = 2147483647;
			files = (
			);
			runOnlyForDeploymentPostprocessing = 0;
		};
		4D256A401F96424E00D390F2 /* Frameworks */ = {
			isa = PBXFrameworksBuildPhase;
			buildActionMask = 2147483647;
			files = (
			);
			runOnlyForDeploymentPostprocessing = 0;
		};
/* End PBXFrameworksBuildPhase section */

/* Begin PBXGroup section */
		4D256A1B1F96424E00D390F2 = {
			isa = PBXGroup;
			children = (
				4D256A261F96424E00D390F2 /* WeatherGift */,
				4D256A3B1F96424E00D390F2 /* WeatherGiftTests */,
				4D256A461F96424E00D390F2 /* WeatherGiftUITests */,
				4D256A251F96424E00D390F2 /* Products */,
			);
			sourceTree = "<group>";
		};
		4D256A251F96424E00D390F2 /* Products */ = {
			isa = PBXGroup;
			children = (
				4D256A241F96424E00D390F2 /* WeatherGift.app */,
				4D256A381F96424E00D390F2 /* WeatherGiftTests.xctest */,
				4D256A431F96424E00D390F2 /* WeatherGiftUITests.xctest */,
			);
			name = Products;
			sourceTree = "<group>";
		};
		4D256A261F96424E00D390F2 /* WeatherGift */ = {
			isa = PBXGroup;
			children = (
				4D256A271F96424E00D390F2 /* AppDelegate.swift */,
				4D256A551F9642C400D390F2 /* DetailVC.swift */,
				4D256A571F96478100D390F2 /* ListVC.swift */,
				4D71E6111F964A090054C796 /* PageVC.swift */,
				4D256A2B1F96424E00D390F2 /* Main.storyboard */,
				4D256A2E1F96424E00D390F2 /* Assets.xcassets */,
				4D256A301F96424E00D390F2 /* LaunchScreen.storyboard */,
				4D256A331F96424E00D390F2 /* Info.plist */,
			);
			path = WeatherGift;
			sourceTree = "<group>";
		};
		4D256A3B1F96424E00D390F2 /* WeatherGiftTests */ = {
			isa = PBXGroup;
			children = (
				4D256A3C1F96424E00D390F2 /* WeatherGiftTests.swift */,
				4D256A3E1F96424E00D390F2 /* Info.plist */,
			);
			path = WeatherGiftTests;
			sourceTree = "<group>";
		};
		4D256A461F96424E00D390F2 /* WeatherGiftUITests */ = {
			isa = PBXGroup;
			children = (
				4D256A471F96424E00D390F2 /* WeatherGiftUITests.swift */,
				4D256A491F96424E00D390F2 /* Info.plist */,
			);
			path = WeatherGiftUITests;
			sourceTree = "<group>";
		};
/* End PBXGroup section */

/* Begin PBXNativeTarget section */
		4D256A231F96424E00D390F2 /* WeatherGift */ = {
			isa = PBXNativeTarget;
			buildConfigurationList = 4D256A4C1F96424E00D390F2 /* Build configuration list for PBXNativeTarget "WeatherGift" */;
			buildPhases = (
				4D256A201F96424E00D390F2 /* Sources */,
				4D256A211F96424E00D390F2 /* Frameworks */,
				4D256A221F96424E00D390F2 /* Resources */,
			);
			buildRules = (
			);
			dependencies = (
			);
			name = WeatherGift;
			productName = WeatherGift;
			productReference = 4D256A241F96424E00D390F2 /* WeatherGift.app */;
			productType = "com.apple.product-type.application";
		};
		4D256A371F96424E00D390F2 /* WeatherGiftTests */ = {
			isa = PBXNativeTarget;
			buildConfigurationList = 4D256A4F1F96424E00D390F2 /* Build configuration list for PBXNativeTarget "WeatherGiftTests" */;
			buildPhases = (
				4D256A341F96424E00D390F2 /* Sources */,
				4D256A351F96424E00D390F2 /* Frameworks */,
				4D256A361F96424E00D390F2 /* Resources */,
			);
			buildRules = (
			);
			dependencies = (
				4D256A3A1F96424E00D390F2 /* PBXTargetDependency */,
			);
			name = WeatherGiftTests;
			productName = WeatherGiftTests;
			productReference = 4D256A381F96424E00D390F2 /* WeatherGiftTests.xctest */;
			productType = "com.apple.product-type.bundle.unit-test";
		};
		4D256A421F96424E00D390F2 /* WeatherGiftUITests */ = {
			isa = PBXNativeTarget;
			buildConfigurationList = 4D256A521F96424E00D390F2 /* Build configuration list for PBXNativeTarget "WeatherGiftUITests" */;
			buildPhases = (
				4D256A3F1F96424E00D390F2 /* Sources */,
				4D256A401F96424E00D390F2 /* Frameworks */,
				4D256A411F96424E00D390F2 /* Resources */,
			);
			buildRules = (
			);
			dependencies = (
				4D256A451F96424E00D390F2 /* PBXTargetDependency */,
			);
			name = WeatherGiftUITests;
			productName = WeatherGiftUITests;
			productReference = 4D256A431F96424E00D390F2 /* WeatherGiftUITests.xctest */;
			productType = "com.apple.product-type.bundle.ui-testing";
		};
/* End PBXNativeTarget section */

/* Begin PBXProject section */
		4D256A1C1F96424E00D390F2 /* Project object */ = {
			isa = PBXProject;
			attributes = {
				LastSwiftUpdateCheck = 0900;
				LastUpgradeCheck = 0900;
				ORGANIZATIONNAME = "Kevin Wijendra";
				TargetAttributes = {
					4D256A231F96424E00D390F2 = {
						CreatedOnToolsVersion = 9.0;
						ProvisioningStyle = Automatic;
					};
					4D256A371F96424E00D390F2 = {
						CreatedOnToolsVersion = 9.0;
						ProvisioningStyle = Automatic;
						TestTargetID = 4D256A231F96424E00D390F2;
					};
					4D256A421F96424E00D390F2 = {
						CreatedOnToolsVersion = 9.0;
						ProvisioningStyle = Automatic;
						TestTargetID = 4D256A231F96424E00D390F2;
					};
				};
			};
			buildConfigurationList = 4D256A1F1F96424E00D390F2 /* Build configuration list for PBXProject "WeatherGift" */;
			compatibilityVersion = "Xcode 8.0";
			developmentRegion = en;
			hasScannedForEncodings = 0;
			knownRegions = (
				en,
				Base,
			);
			mainGroup = 4D256A1B1F96424E00D390F2;
			productRefGroup = 4D256A251F96424E00D390F2 /* Products */;
			projectDirPath = "";
			projectRoot = "";
			targets = (
				4D256A231F96424E00D390F2 /* WeatherGift */,
				4D256A371F96424E00D390F2 /* WeatherGiftTests */,
				4D256A421F96424E00D390F2 /* WeatherGiftUITests */,
			);
		};
/* End PBXProject section */

/* Begin PBXResourcesBuildPhase section */
		4D256A221F96424E00D390F2 /* Resources */ = {
			isa = PBXResourcesBuildPhase;
			buildActionMask = 2147483647;
			files = (
				4D256A321F96424E00D390F2 /* LaunchScreen.storyboard in Resources */,
				4D256A2F1F96424E00D390F2 /* Assets.xcassets in Resources */,
				4D256A2D1F96424E00D390F2 /* Main.storyboard in Resources */,
			);
			runOnlyForDeploymentPostprocessing = 0;
		};
		4D256A361F96424E00D390F2 /* Resources */ = {
			isa = PBXResourcesBuildPhase;
			buildActionMask = 2147483647;
			files = (
			);
			runOnlyForDeploymentPostprocessing = 0;
		};
		4D256A411F96424E00D390F2 /* Resources */ = {
			isa = PBXResourcesBuildPhase;
			buildActionMask = 2147483647;
			files = (
			);
			runOnlyForDeploymentPostprocessing = 0;
		};
/* End PBXResourcesBuildPhase section */

/* Begin PBXSourcesBuildPhase section */
		4D256A201F96424E00D390F2 /* Sources */ = {
			isa = PBXSourcesBuildPhase;
			buildActionMask = 2147483647;
			files = (
				4D256A581F96478100D390F2 /* ListVC.swift in Sources */,
				4D71E6121F964A090054C796 /* PageVC.swift in Sources */,
				4D256A281F96424E00D390F2 /* AppDelegate.swift in Sources */,
				4D256A561F9642C400D390F2 /* DetailVC.swift in Sources */,
			);
			runOnlyForDeploymentPostprocessing = 0;
		};
		4D256A341F96424E00D390F2 /* Sources */ = {
			isa = PBXSourcesBuildPhase;
			buildActionMask = 2147483647;
			files = (
				4D256A3D1F96424E00D390F2 /* WeatherGiftTests.swift in Sources */,
			);
			runOnlyForDeploymentPostprocessing = 0;
		};
		4D256A3F1F96424E00D390F2 /* Sources */ = {
			isa = PBXSourcesBuildPhase;
			buildActionMask = 2147483647;
			files = (
				4D256A481F96424E00D390F2 /* WeatherGiftUITests.swift in Sources */,
			);
			runOnlyForDeploymentPostprocessing = 0;
		};
/* End PBXSourcesBuildPhase section */

/* Begin PBXTargetDependency section */
		4D256A3A1F96424E00D390F2 /* PBXTargetDependency */ = {
			isa = PBXTargetDependency;
			target = 4D256A231F96424E00D390F2 /* WeatherGift */;
			targetProxy = 4D256A391F96424E00D390F2 /* PBXContainerItemProxy */;
		};
		4D256A451F96424E00D390F2 /* PBXTargetDependency */ = {
			isa = PBXTargetDependency;
			target = 4D256A231F96424E00D390F2 /* WeatherGift */;
			targetProxy = 4D256A441F96424E00D390F2 /* PBXContainerItemProxy */;
		};
/* End PBXTargetDependency section */

/* Begin PBXVariantGroup section */
		4D256A2B1F96424E00D390F2 /* Main.storyboard */ = {
			isa = PBXVariantGroup;
			children = (
				4D256A2C1F96424E00D390F2 /* Base */,
			);
			name = Main.storyboard;
			sourceTree = "<group>";
		};
		4D256A301F96424E00D390F2 /* LaunchScreen.storyboard */ = {
			isa = PBXVariantGroup;
			children = (
				4D256A311F96424E00D390F2 /* Base */,
			);
			name = LaunchScreen.storyboard;
			sourceTree = "<group>";
		};
/* End PBXVariantGroup section */

/* Begin XCBuildConfiguration section */
		4D256A4A1F96424E00D390F2 /* Debug */ = {
			isa = XCBuildConfiguration;
			buildSettings = {
				ALWAYS_SEARCH_USER_PATHS = NO;
				CLANG_ANALYZER_NONNULL = YES;
				CLANG_ANALYZER_NUMBER_OBJECT_CONVERSION = YES_AGGRESSIVE;
				CLANG_CXX_LANGUAGE_STANDARD = "gnu++14";
				CLANG_CXX_LIBRARY = "libc++";
				CLANG_ENABLE_MODULES = YES;
				CLANG_ENABLE_OBJC_ARC = YES;
				CLANG_WARN_BLOCK_CAPTURE_AUTORELEASING = YES;
				CLANG_WARN_BOOL_CONVERSION = YES;
				CLANG_WARN_COMMA = YES;
				CLANG_WARN_CONSTANT_CONVERSION = YES;
				CLANG_WARN_DIRECT_OBJC_ISA_USAGE = YES_ERROR;
				CLANG_WARN_DOCUMENTATION_COMMENTS = YES;
				CLANG_WARN_EMPTY_BODY = YES;
				CLANG_WARN_ENUM_CONVERSION = YES;
				CLANG_WARN_INFINITE_RECURSION = YES;
				CLANG_WARN_INT_CONVERSION = YES;
				CLANG_WARN_NON_LITERAL_NULL_CONVERSION = YES;
				CLANG_WARN_OBJC_LITERAL_CONVERSION = YES;
				CLANG_WARN_OBJC_ROOT_CLASS = YES_ERROR;
				CLANG_WARN_RANGE_LOOP_ANALYSIS = YES;
				CLANG_WARN_STRICT_PROTOTYPES = YES;
				CLANG_WARN_SUSPICIOUS_MOVE = YES;
				CLANG_WARN_UNGUARDED_AVAILABILITY = YES_AGGRESSIVE;
				CLANG_WARN_UNREACHABLE_CODE = YES;
				CLANG_WARN__DUPLICATE_METHOD_MATCH = YES;
				CODE_SIGN_IDENTITY = "iPhone Developer";
				COPY_PHASE_STRIP = NO;
				DEBUG_INFORMATION_FORMAT = dwarf;
				ENABLE_STRICT_OBJC_MSGSEND = YES;
				ENABLE_TESTABILITY = YES;
				GCC_C_LANGUAGE_STANDARD = gnu11;
				GCC_DYNAMIC_NO_PIC = NO;
				GCC_NO_COMMON_BLOCKS = YES;
				GCC_OPTIMIZATION_LEVEL = 0;
				GCC_PREPROCESSOR_DEFINITIONS = (
					"DEBUG=1",
					"$(inherited)",
				);
				GCC_WARN_64_TO_32_BIT_CONVERSION = YES;
				GCC_WARN_ABOUT_RETURN_TYPE = YES_ERROR;
				GCC_WARN_UNDECLARED_SELECTOR = YES;
				GCC_WARN_UNINITIALIZED_AUTOS = YES_AGGRESSIVE;
				GCC_WARN_UNUSED_FUNCTION = YES;
				GCC_WARN_UNUSED_VARIABLE = YES;
				IPHONEOS_DEPLOYMENT_TARGET = 11.0;
				MTL_ENABLE_DEBUG_INFO = YES;
				ONLY_ACTIVE_ARCH = YES;
				SDKROOT = iphoneos;
				SWIFT_ACTIVE_COMPILATION_CONDITIONS = DEBUG;
				SWIFT_OPTIMIZATION_LEVEL = "-Onone";
			};
			name = Debug;
		};
		4D256A4B1F96424E00D390F2 /* Release */ = {
			isa = XCBuildConfiguration;
			buildSettings = {
				ALWAYS_SEARCH_USER_PATHS = NO;
				CLANG_ANALYZER_NONNULL = YES;
				CLANG_ANALYZER_NUMBER_OBJECT_CONVERSION = YES_AGGRESSIVE;
				CLANG_CXX_LANGUAGE_STANDARD = "gnu++14";
				CLANG_CXX_LIBRARY = "libc++";
				CLANG_ENABLE_MODULES = YES;
				CLANG_ENABLE_OBJC_ARC = YES;
				CLANG_WARN_BLOCK_CAPTURE_AUTORELEASING = YES;
				CLANG_WARN_BOOL_CONVERSION = YES;
				CLANG_WARN_COMMA = YES;
				CLANG_WARN_CONSTANT_CONVERSION = YES;
				CLANG_WARN_DIRECT_OBJC_ISA_USAGE = YES_ERROR;
				CLANG_WARN_DOCUMENTATION_COMMENTS = YES;
				CLANG_WARN_EMPTY_BODY = YES;
				CLANG_WARN_ENUM_CONVERSION = YES;
				CLANG_WARN_INFINITE_RECURSION = YES;
				CLANG_WARN_INT_CONVERSION = YES;
				CLANG_WARN_NON_LITERAL_NULL_CONVERSION = YES;
				CLANG_WARN_OBJC_LITERAL_CONVERSION = YES;
				CLANG_WARN_OBJC_ROOT_CLASS = YES_ERROR;
				CLANG_WARN_RANGE_LOOP_ANALYSIS = YES;
				CLANG_WARN_STRICT_PROTOTYPES = YES;
				CLANG_WARN_SUSPICIOUS_MOVE = YES;
				CLANG_WARN_UNGUARDED_AVAILABILITY = YES_AGGRESSIVE;
				CLANG_WARN_UNREACHABLE_CODE = YES;
				CLANG_WARN__DUPLICATE_METHOD_MATCH = YES;
				CODE_SIGN_IDENTITY = "iPhone Developer";
				COPY_PHASE_STRIP = NO;
				DEBUG_INFORMATION_FORMAT = "dwarf-with-dsym";
				ENABLE_NS_ASSERTIONS = NO;
				ENABLE_STRICT_OBJC_MSGSEND = YES;
				GCC_C_LANGUAGE_STANDARD = gnu11;
				GCC_NO_COMMON_BLOCKS = YES;
				GCC_WARN_64_TO_32_BIT_CONVERSION = YES;
				GCC_WARN_ABOUT_RETURN_TYPE = YES_ERROR;
				GCC_WARN_UNDECLARED_SELECTOR = YES;
				GCC_WARN_UNINITIALIZED_AUTOS = YES_AGGRESSIVE;
				GCC_WARN_UNUSED_FUNCTION = YES;
				GCC_WARN_UNUSED_VARIABLE = YES;
				IPHONEOS_DEPLOYMENT_TARGET = 11.0;
				MTL_ENABLE_DEBUG_INFO = NO;
				SDKROOT = iphoneos;
				SWIFT_OPTIMIZATION_LEVEL = "-Owholemodule";
				VALIDATE_PRODUCT = YES;
			};
			name = Release;
		};
		4D256A4D1F96424E00D390F2 /* Debug */ = {
			isa = XCBuildConfiguration;
			buildSettings = {
				ASSETCATALOG_COMPILER_APPICON_NAME = AppIcon;
				CODE_SIGN_STYLE = Automatic;
				DEVELOPMENT_TEAM = 5XF24FGW2Z;
				INFOPLIST_FILE = WeatherGift/Info.plist;
				IPHONEOS_DEPLOYMENT_TARGET = 11.0;
				LD_RUNPATH_SEARCH_PATHS = "$(inherited) @executable_path/Frameworks";
				PRODUCT_BUNDLE_IDENTIFIER = com.kevinwijendra.WeatherGift;
				PRODUCT_NAME = "$(TARGET_NAME)";
				SWIFT_VERSION = 4.0;
				TARGETED_DEVICE_FAMILY = "1,2";
			};
			name = Debug;
		};
		4D256A4E1F96424E00D390F2 /* Release */ = {
			isa = XCBuildConfiguration;
			buildSettings = {
				ASSETCATALOG_COMPILER_APPICON_NAME = AppIcon;
				CODE_SIGN_STYLE = Automatic;
				DEVELOPMENT_TEAM = 5XF24FGW2Z;
				INFOPLIST_FILE = WeatherGift/Info.plist;
				IPHONEOS_DEPLOYMENT_TARGET = 11.0;
				LD_RUNPATH_SEARCH_PATHS = "$(inherited) @executable_path/Frameworks";
				PRODUCT_BUNDLE_IDENTIFIER = com.kevinwijendra.WeatherGift;
				PRODUCT_NAME = "$(TARGET_NAME)";
				SWIFT_VERSION = 4.0;
				TARGETED_DEVICE_FAMILY = "1,2";
			};
			name = Release;
		};
		4D256A501F96424E00D390F2 /* Debug */ = {
			isa = XCBuildConfiguration;
			buildSettings = {
				ALWAYS_EMBED_SWIFT_STANDARD_LIBRARIES = YES;
				BUNDLE_LOADER = "$(TEST_HOST)";
				CODE_SIGN_STYLE = Automatic;
				DEVELOPMENT_TEAM = 5XF24FGW2Z;
				INFOPLIST_FILE = WeatherGiftTests/Info.plist;
				LD_RUNPATH_SEARCH_PATHS = "$(inherited) @executable_path/Frameworks @loader_path/Frameworks";
				PRODUCT_BUNDLE_IDENTIFIER = com.kevinwijendra.WeatherGiftTests;
				PRODUCT_NAME = "$(TARGET_NAME)";
				SWIFT_VERSION = 4.0;
				TARGETED_DEVICE_FAMILY = "1,2";
				TEST_HOST = "$(BUILT_PRODUCTS_DIR)/WeatherGift.app/WeatherGift";
			};
			name = Debug;
		};
		4D256A511F96424E00D390F2 /* Release */ = {
			isa = XCBuildConfiguration;
			buildSettings = {
				ALWAYS_EMBED_SWIFT_STANDARD_LIBRARIES = YES;
				BUNDLE_LOADER = "$(TEST_HOST)";
				CODE_SIGN_STYLE = Automatic;
				DEVELOPMENT_TEAM = 5XF24FGW2Z;
				INFOPLIST_FILE = WeatherGiftTests/Info.plist;
				LD_RUNPATH_SEARCH_PATHS = "$(inherited) @executable_path/Frameworks @loader_path/Frameworks";
				PRODUCT_BUNDLE_IDENTIFIER = com.kevinwijendra.WeatherGiftTests;
				PRODUCT_NAME = "$(TARGET_NAME)";
				SWIFT_VERSION = 4.0;
				TARGETED_DEVICE_FAMILY = "1,2";
				TEST_HOST = "$(BUILT_PRODUCTS_DIR)/WeatherGift.app/WeatherGift";
			};
			name = Release;
		};
		4D256A531F96424E00D390F2 /* Debug */ = {
			isa = XCBuildConfiguration;
			buildSettings = {
				ALWAYS_EMBED_SWIFT_STANDARD_LIBRARIES = YES;
				CODE_SIGN_STYLE = Automatic;
				DEVELOPMENT_TEAM = 5XF24FGW2Z;
				INFOPLIST_FILE = WeatherGiftUITests/Info.plist;
				LD_RUNPATH_SEARCH_PATHS = "$(inherited) @executable_path/Frameworks @loader_path/Frameworks";
				PRODUCT_BUNDLE_IDENTIFIER = com.kevinwijendra.WeatherGiftUITests;
				PRODUCT_NAME = "$(TARGET_NAME)";
				SWIFT_VERSION = 4.0;
				TARGETED_DEVICE_FAMILY = "1,2";
				TEST_TARGET_NAME = WeatherGift;
			};
			name = Debug;
		};
		4D256A541F96424E00D390F2 /* Release */ = {
			isa = XCBuildConfiguration;
			buildSettings = {
				ALWAYS_EMBED_SWIFT_STANDARD_LIBRARIES = YES;
				CODE_SIGN_STYLE = Automatic;
				DEVELOPMENT_TEAM = 5XF24FGW2Z;
				INFOPLIST_FILE = WeatherGiftUITests/Info.plist;
				LD_RUNPATH_SEARCH_PATHS = "$(inherited) @executable_path/Frameworks @loader_path/Frameworks";
				PRODUCT_BUNDLE_IDENTIFIER = com.kevinwijendra.WeatherGiftUITests;
				PRODUCT_NAME = "$(TARGET_NAME)";
				SWIFT_VERSION = 4.0;
				TARGETED_DEVICE_FAMILY = "1,2";
				TEST_TARGET_NAME = WeatherGift;
			};
			name = Release;
		};
/* End XCBuildConfiguration section */

/* Begin XCConfigurationList section */
		4D256A1F1F96424E00D390F2 /* Build configuration list for PBXProject "WeatherGift" */ = {
			isa = XCConfigurationList;
			buildConfigurations = (
				4D256A4A1F96424E00D390F2 /* Debug */,
				4D256A4B1F96424E00D390F2 /* Release */,
			);
			defaultConfigurationIsVisible = 0;
			defaultConfigurationName = Release;
		};
		4D256A4C1F96424E00D390F2 /* Build configuration list for PBXNativeTarget "WeatherGift" */ = {
			isa = XCConfigurationList;
			buildConfigurations = (
				4D256A4D1F96424E00D390F2 /* Debug */,
				4D256A4E1F96424E00D390F2 /* Release */,
			);
			defaultConfigurationIsVisible = 0;
			defaultConfigurationName = Release;
		};
		4D256A4F1F96424E00D390F2 /* Build configuration list for PBXNativeTarget "WeatherGiftTests" */ = {
			isa = XCConfigurationList;
			buildConfigurations = (
				4D256A501F96424E00D390F2 /* Debug */,
				4D256A511F96424E00D390F2 /* Release */,
			);
			defaultConfigurationIsVisible = 0;
			defaultConfigurationName = Release;
		};
		4D256A521F96424E00D390F2 /* Build configuration list for PBXNativeTarget "WeatherGiftUITests" */ = {
			isa = XCConfigurationList;
			buildConfigurations = (
				4D256A531F96424E00D390F2 /* Debug */,
				4D256A541F96424E00D390F2 /* Release */,
			);
			defaultConfigurationIsVisible = 0;
			defaultConfigurationName = Release;
		};
/* End XCConfigurationList section */
	};
	rootObject = 4D256A1C1F96424E00D390F2 /* Project object */;
}
